
Microsoft Visual Studio Solution File, Format Version 12.00
# Visual Studio Version 17
VisualStudioVersion = 17.7.34031.279
MinimumVisualStudioVersion = 10.0.40219.1
Project("{FAE04EC0-301F-11D3-BF4B-00C04F79EFBC}") = "Test", "Test\Test.csproj", "{FE16072E-363A-4239-8B89-5C7D33E330B8}"
EndProject
Global
	GlobalSection(SolutionConfigurationPlatforms) = preSolution
		Debug|Any CPU = Debug|Any CPU
		Release|Any CPU = Release|Any CPU
	EndGlobalSection
	GlobalSection(ProjectConfigurationPlatforms) = postSolution
		{FE16072E-363A-4239-8B89-5C7D33E330B8}.Debug|Any CPU.ActiveCfg = Debug|Any CPU
		{FE16072E-363A-4239-8B89-5C7D33E330B8}.Debug|Any CPU.Build.0 = Debug|Any CPU
		{FE16072E-363A-4239-8B89-5C7D33E330B8}.Release|Any CPU.ActiveCfg = Release|Any CPU
		{FE16072E-363A-4239-8B89-5C7D33E330B8}.Release|Any CPU.Build.0 = Release|Any CPU
	EndGlobalSection
	GlobalSection(SolutionProperties) = preSolution
		HideSolutionNode = FALSE
	EndGlobalSection
	GlobalSection(ExtensibilityGlobals) = postSolution
		SolutionGuid = {E892F8BD-823B-4DC6-BE60-BF24069AF55B}
	EndGlobalSection
EndGlobal
